
Microsoft Visual Studio Solution File, Format Version 12.00
# Visual Studio Version 17
VisualStudioVersion = 17.5.33530.505
MinimumVisualStudioVersion = 10.0.40219.1
Project("{9A19103F-16F7-4668-BE54-9A1E7A4F7556}") = "EasyPeasyExam", "EasyPeasyExam\EasyPeasyExam.csproj", "{FB04EF8D-1116-4D66-9901-E3C31A265AB1}"
EndProject
Global
	GlobalSection(SolutionConfigurationPlatforms) = preSolution
		Debug|Any CPU = Debug|Any CPU
		Release|Any CPU = Release|Any CPU
	EndGlobalSection
	GlobalSection(ProjectConfigurationPlatforms) = postSolution
		{FB04EF8D-1116-4D66-9901-E3C31A265AB1}.Debug|Any CPU.ActiveCfg = Debug|Any CPU
		{FB04EF8D-1116-4D66-9901-E3C31A265AB1}.Debug|Any CPU.Build.0 = Debug|Any CPU
		{FB04EF8D-1116-4D66-9901-E3C31A265AB1}.Release|Any CPU.ActiveCfg = Release|Any CPU
		{FB04EF8D-1116-4D66-9901-E3C31A265AB1}.Release|Any CPU.Build.0 = Release|Any CPU
	EndGlobalSection
	GlobalSection(SolutionProperties) = preSolution
		HideSolutionNode = FALSE
	EndGlobalSection
	GlobalSection(ExtensibilityGlobals) = postSolution
		SolutionGuid = {67BAC402-8327-48AA-B16A-55BFA3AAEAE0}
	EndGlobalSection
EndGlobal
